// !$*UTF8*$!
{
	archiveVersion = 1;
	classes = {
	};
	objectVersion = 51;
	objects = {

/* Begin PBXBuildFile section */
		06635379A0CB32CD5951560E /* Pods_touteng_swiftTests.framework in Frameworks */ = {isa = PBXBuildFile; fileRef = 23CA2E465CB5543A7AEA5763 /* Pods_touteng_swiftTests.framework */; };
		58F6ABF5A1FF11E420175DEE /* Pods_touteng_swift.framework in Frameworks */ = {isa = PBXBuildFile; fileRef = 68C0E43E1995243B2B647DDA /* Pods_touteng_swift.framework */; };
		F20EEF022636949C003F8E90 /* AuthorView.swift in Sources */ = {isa = PBXBuildFile; fileRef = F20EEF012636949C003F8E90 /* AuthorView.swift */; };
		F2377DF1262D9AEA00F4E674 /* touteng_swiftApp.swift in Sources */ = {isa = PBXBuildFile; fileRef = F2377DF0262D9AEA00F4E674 /* touteng_swiftApp.swift */; };
		F2377DF3262D9AEA00F4E674 /* ContentView.swift in Sources */ = {isa = PBXBuildFile; fileRef = F2377DF2262D9AEA00F4E674 /* ContentView.swift */; };
		F2377DF5262D9AEB00F4E674 /* Assets.xcassets in Resources */ = {isa = PBXBuildFile; fileRef = F2377DF4262D9AEB00F4E674 /* Assets.xcassets */; };
		F2377DFD262D9AEB00F4E674 /* touteng_swift.xcdatamodeld in Sources */ = {isa = PBXBuildFile; fileRef = F2377DFB262D9AEB00F4E674 /* touteng_swift.xcdatamodeld */; };
		F2377E0C262DA48000F4E674 /* touteng_swiftTests.swift in Sources */ = {isa = PBXBuildFile; fileRef = F2377E0B262DA48000F4E674 /* touteng_swiftTests.swift */; };
		F2377E1A26300DBA00F4E674 /* NetworkManager.swift in Sources */ = {isa = PBXBuildFile; fileRef = F2377E1926300DBA00F4E674 /* NetworkManager.swift */; };
		F2453BB526305AA600240C47 /* NetworkAPI.swift in Sources */ = {isa = PBXBuildFile; fileRef = F2453BB426305AA600240C47 /* NetworkAPI.swift */; };
		F252EC552643EE6400969BA2 /* Color.swift in Sources */ = {isa = PBXBuildFile; fileRef = F252EC542643EE6400969BA2 /* Color.swift */; };
		F252EC5B2643FEFA00969BA2 /* PostListView.swift in Sources */ = {isa = PBXBuildFile; fileRef = F252EC5A2643FEFA00969BA2 /* PostListView.swift */; };
		F252EC5D2646B83400969BA2 /* UserData.swift in Sources */ = {isa = PBXBuildFile; fileRef = F252EC5C2646B83400969BA2 /* UserData.swift */; };
		F26C3445263150B400A4189D /* Model.swift in Sources */ = {isa = PBXBuildFile; fileRef = F26C3444263150B400A4189D /* Model.swift */; };
		F26C344B2631713B00A4189D /* ArticleView.swift in Sources */ = {isa = PBXBuildFile; fileRef = F26C344A2631713B00A4189D /* ArticleView.swift */; };
		F27A53022639464B00F5952C /* FullArticleView.swift in Sources */ = {isa = PBXBuildFile; fileRef = F27A53012639464B00F5952C /* FullArticleView.swift */; };
		F27A5306263947B500F5952C /* Utils.swift in Sources */ = {isa = PBXBuildFile; fileRef = F27A5305263947B500F5952C /* Utils.swift */; };
		F2DA62EB264CFFBF00D155A0 /* EntranceView.swift in Sources */ = {isa = PBXBuildFile; fileRef = F2DA62EA264CFFBF00D155A0 /* EntranceView.swift */; };
		F2DA62ED264CFFC700D155A0 /* SplashScreen.swift in Sources */ = {isa = PBXBuildFile; fileRef = F2DA62EC264CFFC700D155A0 /* SplashScreen.swift */; };
		F2DA62EF264CFFCF00D155A0 /* LoginView.swift in Sources */ = {isa = PBXBuildFile; fileRef = F2DA62EE264CFFCF00D155A0 /* LoginView.swift */; };
		F2DA62F1264CFFDF00D155A0 /* CarouselFigure.swift in Sources */ = {isa = PBXBuildFile; fileRef = F2DA62F0264CFFDF00D155A0 /* CarouselFigure.swift */; };
		F2F671D1264A3D8A00F67630 /* HScrollViewController.swift in Sources */ = {isa = PBXBuildFile; fileRef = F2F671D0264A3D8A00F67630 /* HScrollViewController.swift */; };
		F2F671D3264A3D8F00F67630 /* HomeNavigationBar.swift in Sources */ = {isa = PBXBuildFile; fileRef = F2F671D2264A3D8F00F67630 /* HomeNavigationBar.swift */; };
		F2F671D5264A415800F67630 /* list.json in Resources */ = {isa = PBXBuildFile; fileRef = F2F671D4264A415800F67630 /* list.json */; };
		F2F671D7264A416300F67630 /* adinfo.json in Resources */ = {isa = PBXBuildFile; fileRef = F2F671D6264A416300F67630 /* adinfo.json */; };
		F2F671D9264A6BFB00F67630 /* BannerView.swift in Sources */ = {isa = PBXBuildFile; fileRef = F2F671D8264A6BFB00F67630 /* BannerView.swift */; };
		F2F671DB264A841500F67630 /* Page.swift in Sources */ = {isa = PBXBuildFile; fileRef = F2F671DA264A841500F67630 /* Page.swift */; };
/* End PBXBuildFile section */

/* Begin PBXContainerItemProxy section */
		F2377E0E262DA48000F4E674 /* PBXContainerItemProxy */ = {
			isa = PBXContainerItemProxy;
			containerPortal = F2377DE5262D9AEA00F4E674 /* Project object */;
			proxyType = 1;
			remoteGlobalIDString = F2377DEC262D9AEA00F4E674;
			remoteInfo = "touteng-swift";
		};
/* End PBXContainerItemProxy section */

/* Begin PBXFileReference section */
		20753EE1895367F424E2393F /* Pods-touteng-swift.release.xcconfig */ = {isa = PBXFileReference; includeInIndex = 1; lastKnownFileType = text.xcconfig; name = "Pods-touteng-swift.release.xcconfig"; path = "Target Support Files/Pods-touteng-swift/Pods-touteng-swift.release.xcconfig"; sourceTree = "<group>"; };
		23CA2E465CB5543A7AEA5763 /* Pods_touteng_swiftTests.framework */ = {isa = PBXFileReference; explicitFileType = wrapper.framework; includeInIndex = 0; path = Pods_touteng_swiftTests.framework; sourceTree = BUILT_PRODUCTS_DIR; };
		68C0E43E1995243B2B647DDA /* Pods_touteng_swift.framework */ = {isa = PBXFileReference; explicitFileType = wrapper.framework; includeInIndex = 0; path = Pods_touteng_swift.framework; sourceTree = BUILT_PRODUCTS_DIR; };
		6AB194E7B124186DF030A6D1 /* Pods-touteng-swiftTests.debug.xcconfig */ = {isa = PBXFileReference; includeInIndex = 1; lastKnownFileType = text.xcconfig; name = "Pods-touteng-swiftTests.debug.xcconfig"; path = "Target Support Files/Pods-touteng-swiftTests/Pods-touteng-swiftTests.debug.xcconfig"; sourceTree = "<group>"; };
		CC74046A8BDCF9C56936FF43 /* Pods-touteng-swift.debug.xcconfig */ = {isa = PBXFileReference; includeInIndex = 1; lastKnownFileType = text.xcconfig; name = "Pods-touteng-swift.debug.xcconfig"; path = "Target Support Files/Pods-touteng-swift/Pods-touteng-swift.debug.xcconfig"; sourceTree = "<group>"; };
		CFD63DC1C1645C23269D404D /* Pods-touteng-swiftTests.release.xcconfig */ = {isa = PBXFileReference; includeInIndex = 1; lastKnownFileType = text.xcconfig; name = "Pods-touteng-swiftTests.release.xcconfig"; path = "Target Support Files/Pods-touteng-swiftTests/Pods-touteng-swiftTests.release.xcconfig"; sourceTree = "<group>"; };
		F20EEF012636949C003F8E90 /* AuthorView.swift */ = {isa = PBXFileReference; lastKnownFileType = sourcecode.swift; path = AuthorView.swift; sourceTree = "<group>"; };
		F2377DED262D9AEA00F4E674 /* touteng-swift.app */ = {isa = PBXFileReference; explicitFileType = wrapper.application; includeInIndex = 0; path = "touteng-swift.app"; sourceTree = BUILT_PRODUCTS_DIR; };
		F2377DF0262D9AEA00F4E674 /* touteng_swiftApp.swift */ = {isa = PBXFileReference; lastKnownFileType = sourcecode.swift; path = touteng_swiftApp.swift; sourceTree = "<group>"; };
		F2377DF2262D9AEA00F4E674 /* ContentView.swift */ = {isa = PBXFileReference; lastKnownFileType = sourcecode.swift; path = ContentView.swift; sourceTree = "<group>"; };
		F2377DF4262D9AEB00F4E674 /* Assets.xcassets */ = {isa = PBXFileReference; lastKnownFileType = folder.assetcatalog; path = Assets.xcassets; sourceTree = "<group>"; };
		F2377DFC262D9AEB00F4E674 /* touteng_swift.xcdatamodel */ = {isa = PBXFileReference; lastKnownFileType = wrapper.xcdatamodel; path = touteng_swift.xcdatamodel; sourceTree = "<group>"; };
		F2377DFE262D9AEB00F4E674 /* Info.plist */ = {isa = PBXFileReference; lastKnownFileType = text.plist.xml; path = Info.plist; sourceTree = "<group>"; };
		F2377E09262DA48000F4E674 /* touteng-swiftTests.xctest */ = {isa = PBXFileReference; explicitFileType = wrapper.cfbundle; includeInIndex = 0; path = "touteng-swiftTests.xctest"; sourceTree = BUILT_PRODUCTS_DIR; };
		F2377E0B262DA48000F4E674 /* touteng_swiftTests.swift */ = {isa = PBXFileReference; lastKnownFileType = sourcecode.swift; path = touteng_swiftTests.swift; sourceTree = "<group>"; };
		F2377E0D262DA48000F4E674 /* Info.plist */ = {isa = PBXFileReference; lastKnownFileType = text.plist.xml; path = Info.plist; sourceTree = "<group>"; };
		F2377E1926300DBA00F4E674 /* NetworkManager.swift */ = {isa = PBXFileReference; lastKnownFileType = sourcecode.swift; path = NetworkManager.swift; sourceTree = "<group>"; };
		F2453BB426305AA600240C47 /* NetworkAPI.swift */ = {isa = PBXFileReference; lastKnownFileType = sourcecode.swift; path = NetworkAPI.swift; sourceTree = "<group>"; };
		F252EC542643EE6400969BA2 /* Color.swift */ = {isa = PBXFileReference; lastKnownFileType = sourcecode.swift; path = Color.swift; sourceTree = "<group>"; };
		F252EC5A2643FEFA00969BA2 /* PostListView.swift */ = {isa = PBXFileReference; lastKnownFileType = sourcecode.swift; path = PostListView.swift; sourceTree = "<group>"; };
		F252EC5C2646B83400969BA2 /* UserData.swift */ = {isa = PBXFileReference; lastKnownFileType = sourcecode.swift; path = UserData.swift; sourceTree = "<group>"; };
		F26C3444263150B400A4189D /* Model.swift */ = {isa = PBXFileReference; lastKnownFileType = sourcecode.swift; path = Model.swift; sourceTree = "<group>"; };
		F26C344A2631713B00A4189D /* ArticleView.swift */ = {isa = PBXFileReference; lastKnownFileType = sourcecode.swift; path = ArticleView.swift; sourceTree = "<group>"; };
		F27A53012639464B00F5952C /* FullArticleView.swift */ = {isa = PBXFileReference; lastKnownFileType = sourcecode.swift; path = FullArticleView.swift; sourceTree = "<group>"; };
		F27A5305263947B500F5952C /* Utils.swift */ = {isa = PBXFileReference; lastKnownFileType = sourcecode.swift; path = Utils.swift; sourceTree = "<group>"; };
		F2DA62EA264CFFBF00D155A0 /* EntranceView.swift */ = {isa = PBXFileReference; fileEncoding = 4; lastKnownFileType = sourcecode.swift; path = EntranceView.swift; sourceTree = "<group>"; };
		F2DA62EC264CFFC700D155A0 /* SplashScreen.swift */ = {isa = PBXFileReference; fileEncoding = 4; lastKnownFileType = sourcecode.swift; path = SplashScreen.swift; sourceTree = "<group>"; };
		F2DA62EE264CFFCF00D155A0 /* LoginView.swift */ = {isa = PBXFileReference; fileEncoding = 4; lastKnownFileType = sourcecode.swift; path = LoginView.swift; sourceTree = "<group>"; };
		F2DA62F0264CFFDF00D155A0 /* CarouselFigure.swift */ = {isa = PBXFileReference; fileEncoding = 4; lastKnownFileType = sourcecode.swift; path = CarouselFigure.swift; sourceTree = "<group>"; };
		F2F671D0264A3D8A00F67630 /* HScrollViewController.swift */ = {isa = PBXFileReference; fileEncoding = 4; lastKnownFileType = sourcecode.swift; path = HScrollViewController.swift; sourceTree = "<group>"; };
		F2F671D2264A3D8F00F67630 /* HomeNavigationBar.swift */ = {isa = PBXFileReference; fileEncoding = 4; lastKnownFileType = sourcecode.swift; path = HomeNavigationBar.swift; sourceTree = "<group>"; };
		F2F671D4264A415800F67630 /* list.json */ = {isa = PBXFileReference; fileEncoding = 4; lastKnownFileType = text.json; path = list.json; sourceTree = "<group>"; };
		F2F671D6264A416300F67630 /* adinfo.json */ = {isa = PBXFileReference; fileEncoding = 4; lastKnownFileType = text.json; path = adinfo.json; sourceTree = "<group>"; };
		F2F671D8264A6BFB00F67630 /* BannerView.swift */ = {isa = PBXFileReference; lastKnownFileType = sourcecode.swift; path = BannerView.swift; sourceTree = "<group>"; };
		F2F671DA264A841500F67630 /* Page.swift */ = {isa = PBXFileReference; lastKnownFileType = sourcecode.swift; path = Page.swift; sourceTree = "<group>"; };
/* End PBXFileReference section */

/* Begin PBXFrameworksBuildPhase section */
		F2377DEA262D9AEA00F4E674 /* Frameworks */ = {
			isa = PBXFrameworksBuildPhase;
			buildActionMask = 2147483647;
			files = (
				58F6ABF5A1FF11E420175DEE /* Pods_touteng_swift.framework in Frameworks */,
			);
			runOnlyForDeploymentPostprocessing = 0;
		};
		F2377E06262DA48000F4E674 /* Frameworks */ = {
			isa = PBXFrameworksBuildPhase;
			buildActionMask = 2147483647;
			files = (
				06635379A0CB32CD5951560E /* Pods_touteng_swiftTests.framework in Frameworks */,
			);
			runOnlyForDeploymentPostprocessing = 0;
		};
/* End PBXFrameworksBuildPhase section */

/* Begin PBXGroup section */
		8BA5A60970EB19B6527C6F05 /* Frameworks */ = {
			isa = PBXGroup;
			children = (
				68C0E43E1995243B2B647DDA /* Pods_touteng_swift.framework */,
				23CA2E465CB5543A7AEA5763 /* Pods_touteng_swiftTests.framework */,
			);
			name = Frameworks;
			sourceTree = "<group>";
		};
		E9F0F469340B546099C704EC /* Pods */ = {
			isa = PBXGroup;
			children = (
				CC74046A8BDCF9C56936FF43 /* Pods-touteng-swift.debug.xcconfig */,
				20753EE1895367F424E2393F /* Pods-touteng-swift.release.xcconfig */,
				6AB194E7B124186DF030A6D1 /* Pods-touteng-swiftTests.debug.xcconfig */,
				CFD63DC1C1645C23269D404D /* Pods-touteng-swiftTests.release.xcconfig */,
			);
			path = Pods;
			sourceTree = "<group>";
		};
		F20EEEF22636929B003F8E90 /* Lib */ = {
			isa = PBXGroup;
			children = (
				F2377E1926300DBA00F4E674 /* NetworkManager.swift */,
				F2453BB426305AA600240C47 /* NetworkAPI.swift */,
				F27A5305263947B500F5952C /* Utils.swift */,
				F252EC542643EE6400969BA2 /* Color.swift */,
			);
			path = Lib;
			sourceTree = "<group>";
		};
		F20EEEF5263692AD003F8E90 /* Model */ = {
			isa = PBXGroup;
			children = (
				F252EC5C2646B83400969BA2 /* UserData.swift */,
				F26C3444263150B400A4189D /* Model.swift */,
			);
			path = Model;
			sourceTree = "<group>";
		};
		F20EEEF8263692C3003F8E90 /* View */ = {
			isa = PBXGroup;
			children = (
				F2DA62F0264CFFDF00D155A0 /* CarouselFigure.swift */,
				F2DA62EE264CFFCF00D155A0 /* LoginView.swift */,
				F2DA62EC264CFFC700D155A0 /* SplashScreen.swift */,
				F2DA62EA264CFFBF00D155A0 /* EntranceView.swift */,
				F2F671D2264A3D8F00F67630 /* HomeNavigationBar.swift */,
				F2F671D0264A3D8A00F67630 /* HScrollViewController.swift */,
				F2377DF2262D9AEA00F4E674 /* ContentView.swift */,
				F26C344A2631713B00A4189D /* ArticleView.swift */,
				F20EEF012636949C003F8E90 /* AuthorView.swift */,
				F27A53012639464B00F5952C /* FullArticleView.swift */,
				F252EC5A2643FEFA00969BA2 /* PostListView.swift */,
				F2F671D8264A6BFB00F67630 /* BannerView.swift */,
				F2F671DA264A841500F67630 /* Page.swift */,
			);
			path = View;
			sourceTree = "<group>";
		};
		F2377DE4262D9AEA00F4E674 = {
			isa = PBXGroup;
			children = (
				F2377DEF262D9AEA00F4E674 /* touteng-swift */,
				F2377E0A262DA48000F4E674 /* touteng-swiftTests */,
				F2377DEE262D9AEA00F4E674 /* Products */,
				E9F0F469340B546099C704EC /* Pods */,
				8BA5A60970EB19B6527C6F05 /* Frameworks */,
			);
			sourceTree = "<group>";
		};
		F2377DEE262D9AEA00F4E674 /* Products */ = {
			isa = PBXGroup;
			children = (
				F2377DED262D9AEA00F4E674 /* touteng-swift.app */,
				F2377E09262DA48000F4E674 /* touteng-swiftTests.xctest */,
			);
			name = Products;
			sourceTree = "<group>";
		};
		F2377DEF262D9AEA00F4E674 /* touteng-swift */ = {
			isa = PBXGroup;
			children = (
				F2F671CF264A258800F67630 /* Resources */,
				F2377DF0262D9AEA00F4E674 /* touteng_swiftApp.swift */,
				F20EEEF8263692C3003F8E90 /* View */,
				F2377DF4262D9AEB00F4E674 /* Assets.xcassets */,
				F20EEEF22636929B003F8E90 /* Lib */,
				F2377DFE262D9AEB00F4E674 /* Info.plist */,
				F2377DFB262D9AEB00F4E674 /* touteng_swift.xcdatamodeld */,
				F20EEEF5263692AD003F8E90 /* Model */,
			);
			path = "touteng-swift";
			sourceTree = "<group>";
		};
		F2377E0A262DA48000F4E674 /* touteng-swiftTests */ = {
			isa = PBXGroup;
			children = (
				F2377E0B262DA48000F4E674 /* touteng_swiftTests.swift */,
				F2377E0D262DA48000F4E674 /* Info.plist */,
			);
			path = "touteng-swiftTests";
			sourceTree = "<group>";
		};
		F2F671CF264A258800F67630 /* Resources */ = {
			isa = PBXGroup;
			children = (
				F2F671D6264A416300F67630 /* adinfo.json */,
				F2F671D4264A415800F67630 /* list.json */,
			);
			path = Resources;
			sourceTree = "<group>";
		};
/* End PBXGroup section */

/* Begin PBXNativeTarget section */
		F2377DEC262D9AEA00F4E674 /* touteng-swift */ = {
			isa = PBXNativeTarget;
			buildConfigurationList = F2377E01262D9AEB00F4E674 /* Build configuration list for PBXNativeTarget "touteng-swift" */;
			buildPhases = (
				C60D756A55A4B6E71A8D3D8A /* [CP] Check Pods Manifest.lock */,
				F2377DE9262D9AEA00F4E674 /* Sources */,
				F2377DEA262D9AEA00F4E674 /* Frameworks */,
				F2377DEB262D9AEA00F4E674 /* Resources */,
				51C73F36F2DC4695D389404B /* [CP] Embed Pods Frameworks */,
			);
			buildRules = (
			);
			dependencies = (
			);
			name = "touteng-swift";
			productName = "touteng-swift";
			productReference = F2377DED262D9AEA00F4E674 /* touteng-swift.app */;
			productType = "com.apple.product-type.application";
		};
		F2377E08262DA48000F4E674 /* touteng-swiftTests */ = {
			isa = PBXNativeTarget;
			buildConfigurationList = F2377E10262DA48000F4E674 /* Build configuration list for PBXNativeTarget "touteng-swiftTests" */;
			buildPhases = (
				06160F1BEFB2A5EBDB86EF5D /* [CP] Check Pods Manifest.lock */,
				F2377E05262DA48000F4E674 /* Sources */,
				F2377E06262DA48000F4E674 /* Frameworks */,
				F2377E07262DA48000F4E674 /* Resources */,
			);
			buildRules = (
			);
			dependencies = (
				F2377E0F262DA48000F4E674 /* PBXTargetDependency */,
			);
			name = "touteng-swiftTests";
			productName = "touteng-swiftTests";
			productReference = F2377E09262DA48000F4E674 /* touteng-swiftTests.xctest */;
			productType = "com.apple.product-type.bundle.unit-test";
		};
/* End PBXNativeTarget section */

/* Begin PBXProject section */
		F2377DE5262D9AEA00F4E674 /* Project object */ = {
			isa = PBXProject;
			attributes = {
				LastSwiftUpdateCheck = 1240;
				LastUpgradeCheck = 1240;
				TargetAttributes = {
					F2377DEC262D9AEA00F4E674 = {
						CreatedOnToolsVersion = 12.4;
					};
					F2377E08262DA48000F4E674 = {
						CreatedOnToolsVersion = 12.4;
						TestTargetID = F2377DEC262D9AEA00F4E674;
					};
				};
			};
			buildConfigurationList = F2377DE8262D9AEA00F4E674 /* Build configuration list for PBXProject "touteng-swift" */;
			compatibilityVersion = "Xcode 9.3";
			developmentRegion = en;
			hasScannedForEncodings = 0;
			knownRegions = (
				en,
				Base,
			);
			mainGroup = F2377DE4262D9AEA00F4E674;
			productRefGroup = F2377DEE262D9AEA00F4E674 /* Products */;
			projectDirPath = "";
			projectRoot = "";
			targets = (
				F2377DEC262D9AEA00F4E674 /* touteng-swift */,
				F2377E08262DA48000F4E674 /* touteng-swiftTests */,
			);
		};
/* End PBXProject section */

/* Begin PBXResourcesBuildPhase section */
		F2377DEB262D9AEA00F4E674 /* Resources */ = {
			isa = PBXResourcesBuildPhase;
			buildActionMask = 2147483647;
			files = (
				F2F671D7264A416300F67630 /* adinfo.json in Resources */,
				F2377DF5262D9AEB00F4E674 /* Assets.xcassets in Resources */,
				F2F671D5264A415800F67630 /* list.json in Resources */,
			);
			runOnlyForDeploymentPostprocessing = 0;
		};
		F2377E07262DA48000F4E674 /* Resources */ = {
			isa = PBXResourcesBuildPhase;
			buildActionMask = 2147483647;
			files = (
			);
			runOnlyForDeploymentPostprocessing = 0;
		};
/* End PBXResourcesBuildPhase section */

/* Begin PBXShellScriptBuildPhase section */
		06160F1BEFB2A5EBDB86EF5D /* [CP] Check Pods Manifest.lock */ = {
			isa = PBXShellScriptBuildPhase;
			buildActionMask = 2147483647;
			files = (
			);
			inputFileListPaths = (
			);
			inputPaths = (
				"${PODS_PODFILE_DIR_PATH}/Podfile.lock",
				"${PODS_ROOT}/Manifest.lock",
			);
			name = "[CP] Check Pods Manifest.lock";
			outputFileListPaths = (
			);
			outputPaths = (
				"$(DERIVED_FILE_DIR)/Pods-touteng-swiftTests-checkManifestLockResult.txt",
			);
			runOnlyForDeploymentPostprocessing = 0;
			shellPath = /bin/sh;
			shellScript = "diff \"${PODS_PODFILE_DIR_PATH}/Podfile.lock\" \"${PODS_ROOT}/Manifest.lock\" > /dev/null\nif [ $? != 0 ] ; then\n    # print error to STDERR\n    echo \"error: The sandbox is not in sync with the Podfile.lock. Run 'pod install' or update your CocoaPods installation.\" >&2\n    exit 1\nfi\n# This output is used by Xcode 'outputs' to avoid re-running this script phase.\necho \"SUCCESS\" > \"${SCRIPT_OUTPUT_FILE_0}\"\n";
			showEnvVarsInLog = 0;
		};
		51C73F36F2DC4695D389404B /* [CP] Embed Pods Frameworks */ = {
			isa = PBXShellScriptBuildPhase;
			buildActionMask = 2147483647;
			files = (
			);
			inputFileListPaths = (
				"${PODS_ROOT}/Target Support Files/Pods-touteng-swift/Pods-touteng-swift-frameworks-${CONFIGURATION}-input-files.xcfilelist",
			);
			name = "[CP] Embed Pods Frameworks";
			outputFileListPaths = (
				"${PODS_ROOT}/Target Support Files/Pods-touteng-swift/Pods-touteng-swift-frameworks-${CONFIGURATION}-output-files.xcfilelist",
			);
			runOnlyForDeploymentPostprocessing = 0;
			shellPath = /bin/sh;
			shellScript = "\"${PODS_ROOT}/Target Support Files/Pods-touteng-swift/Pods-touteng-swift-frameworks.sh\"\n";
			showEnvVarsInLog = 0;
		};
		C60D756A55A4B6E71A8D3D8A /* [CP] Check Pods Manifest.lock */ = {
			isa = PBXShellScriptBuildPhase;
			buildActionMask = 2147483647;
			files = (
			);
			inputFileListPaths = (
			);
			inputPaths = (
				"${PODS_PODFILE_DIR_PATH}/Podfile.lock",
				"${PODS_ROOT}/Manifest.lock",
			);
			name = "[CP] Check Pods Manifest.lock";
			outputFileListPaths = (
			);
			outputPaths = (
				"$(DERIVED_FILE_DIR)/Pods-touteng-swift-checkManifestLockResult.txt",
			);
			runOnlyForDeploymentPostprocessing = 0;
			shellPath = /bin/sh;
			shellScript = "diff \"${PODS_PODFILE_DIR_PATH}/Podfile.lock\" \"${PODS_ROOT}/Manifest.lock\" > /dev/null\nif [ $? != 0 ] ; then\n    # print error to STDERR\n    echo \"error: The sandbox is not in sync with the Podfile.lock. Run 'pod install' or update your CocoaPods installation.\" >&2\n    exit 1\nfi\n# This output is used by Xcode 'outputs' to avoid re-running this script phase.\necho \"SUCCESS\" > \"${SCRIPT_OUTPUT_FILE_0}\"\n";
			showEnvVarsInLog = 0;
		};
/* End PBXShellScriptBuildPhase section */

/* Begin PBXSourcesBuildPhase section */
		F2377DE9262D9AEA00F4E674 /* Sources */ = {
			isa = PBXSourcesBuildPhase;
			buildActionMask = 2147483647;
			files = (
				F2DA62EB264CFFBF00D155A0 /* EntranceView.swift in Sources */,
				F20EEF022636949C003F8E90 /* AuthorView.swift in Sources */,
				F2377DFD262D9AEB00F4E674 /* touteng_swift.xcdatamodeld in Sources */,
				F27A5306263947B500F5952C /* Utils.swift in Sources */,
				F26C344B2631713B00A4189D /* ArticleView.swift in Sources */,
				F2453BB526305AA600240C47 /* NetworkAPI.swift in Sources */,
				F2F671DB264A841500F67630 /* Page.swift in Sources */,
				F26C3445263150B400A4189D /* Model.swift in Sources */,
				F252EC552643EE6400969BA2 /* Color.swift in Sources */,
				F2377DF3262D9AEA00F4E674 /* ContentView.swift in Sources */,
				F2F671D1264A3D8A00F67630 /* HScrollViewController.swift in Sources */,
				F252EC5B2643FEFA00969BA2 /* PostListView.swift in Sources */,
				F2377E1A26300DBA00F4E674 /* NetworkManager.swift in Sources */,
				F2F671D3264A3D8F00F67630 /* HomeNavigationBar.swift in Sources */,
				F252EC5D2646B83400969BA2 /* UserData.swift in Sources */,
				F2DA62ED264CFFC700D155A0 /* SplashScreen.swift in Sources */,
				F2F671D9264A6BFB00F67630 /* BannerView.swift in Sources */,
				F2377DF1262D9AEA00F4E674 /* touteng_swiftApp.swift in Sources */,
				F2DA62EF264CFFCF00D155A0 /* LoginView.swift in Sources */,
				F2DA62F1264CFFDF00D155A0 /* CarouselFigure.swift in Sources */,
				F27A53022639464B00F5952C /* FullArticleView.swift in Sources */,
			);
			runOnlyForDeploymentPostprocessing = 0;
		};
		F2377E05262DA48000F4E674 /* Sources */ = {
			isa = PBXSourcesBuildPhase;
			buildActionMask = 2147483647;
			files = (
				F2377E0C262DA48000F4E674 /* touteng_swiftTests.swift in Sources */,
			);
			runOnlyForDeploymentPostprocessing = 0;
		};
/* End PBXSourcesBuildPhase section */

/* Begin PBXTargetDependency section */
		F2377E0F262DA48000F4E674 /* PBXTargetDependency */ = {
			isa = PBXTargetDependency;
			target = F2377DEC262D9AEA00F4E674 /* touteng-swift */;
			targetProxy = F2377E0E262DA48000F4E674 /* PBXContainerItemProxy */;
		};
/* End PBXTargetDependency section */

/* Begin XCBuildConfiguration section */
		F2377DFF262D9AEB00F4E674 /* Debug */ = {
			isa = XCBuildConfiguration;
			buildSettings = {
				ALWAYS_SEARCH_USER_PATHS = NO;
				CLANG_ANALYZER_NONNULL = YES;
				CLANG_ANALYZER_NUMBER_OBJECT_CONVERSION = YES_AGGRESSIVE;
				CLANG_CXX_LANGUAGE_STANDARD = "gnu++14";
				CLANG_CXX_LIBRARY = "libc++";
				CLANG_ENABLE_MODULES = YES;
				CLANG_ENABLE_OBJC_ARC = YES;
				CLANG_ENABLE_OBJC_WEAK = YES;
				CLANG_WARN_BLOCK_CAPTURE_AUTORELEASING = YES;
				CLANG_WARN_BOOL_CONVERSION = YES;
				CLANG_WARN_COMMA = YES;
				CLANG_WARN_CONSTANT_CONVERSION = YES;
				CLANG_WARN_DEPRECATED_OBJC_IMPLEMENTATIONS = YES;
				CLANG_WARN_DIRECT_OBJC_ISA_USAGE = YES_ERROR;
				CLANG_WARN_DOCUMENTATION_COMMENTS = YES;
				CLANG_WARN_EMPTY_BODY = YES;
				CLANG_WARN_ENUM_CONVERSION = YES;
				CLANG_WARN_INFINITE_RECURSION = YES;
				CLANG_WARN_INT_CONVERSION = YES;
				CLANG_WARN_NON_LITERAL_NULL_CONVERSION = YES;
				CLANG_WARN_OBJC_IMPLICIT_RETAIN_SELF = YES;
				CLANG_WARN_OBJC_LITERAL_CONVERSION = YES;
				CLANG_WARN_OBJC_ROOT_CLASS = YES_ERROR;
				CLANG_WARN_QUOTED_INCLUDE_IN_FRAMEWORK_HEADER = YES;
				CLANG_WARN_RANGE_LOOP_ANALYSIS = YES;
				CLANG_WARN_STRICT_PROTOTYPES = YES;
				CLANG_WARN_SUSPICIOUS_MOVE = YES;
				CLANG_WARN_UNGUARDED_AVAILABILITY = YES_AGGRESSIVE;
				CLANG_WARN_UNREACHABLE_CODE = YES;
				CLANG_WARN__DUPLICATE_METHOD_MATCH = YES;
				COPY_PHASE_STRIP = NO;
				DEBUG_INFORMATION_FORMAT = dwarf;
				ENABLE_STRICT_OBJC_MSGSEND = YES;
				ENABLE_TESTABILITY = YES;
				GCC_C_LANGUAGE_STANDARD = gnu11;
				GCC_DYNAMIC_NO_PIC = NO;
				GCC_NO_COMMON_BLOCKS = YES;
				GCC_OPTIMIZATION_LEVEL = 0;
				GCC_PREPROCESSOR_DEFINITIONS = (
					"DEBUG=1",
					"$(inherited)",
				);
				GCC_WARN_64_TO_32_BIT_CONVERSION = YES;
				GCC_WARN_ABOUT_RETURN_TYPE = YES_ERROR;
				GCC_WARN_UNDECLARED_SELECTOR = YES;
				GCC_WARN_UNINITIALIZED_AUTOS = YES_AGGRESSIVE;
				GCC_WARN_UNUSED_FUNCTION = YES;
				GCC_WARN_UNUSED_VARIABLE = YES;
				IPHONEOS_DEPLOYMENT_TARGET = 14.4;
				MTL_ENABLE_DEBUG_INFO = INCLUDE_SOURCE;
				MTL_FAST_MATH = YES;
				ONLY_ACTIVE_ARCH = YES;
				SDKROOT = iphoneos;
				SWIFT_ACTIVE_COMPILATION_CONDITIONS = DEBUG;
				SWIFT_OPTIMIZATION_LEVEL = "-Onone";
			};
			name = Debug;
		};
		F2377E00262D9AEB00F4E674 /* Release */ = {
			isa = XCBuildConfiguration;
			buildSettings = {
				ALWAYS_SEARCH_USER_PATHS = NO;
				CLANG_ANALYZER_NONNULL = YES;
				CLANG_ANALYZER_NUMBER_OBJECT_CONVERSION = YES_AGGRESSIVE;
				CLANG_CXX_LANGUAGE_STANDARD = "gnu++14";
				CLANG_CXX_LIBRARY = "libc++";
				CLANG_ENABLE_MODULES = YES;
				CLANG_ENABLE_OBJC_ARC = YES;
				CLANG_ENABLE_OBJC_WEAK = YES;
				CLANG_WARN_BLOCK_CAPTURE_AUTORELEASING = YES;
				CLANG_WARN_BOOL_CONVERSION = YES;
				CLANG_WARN_COMMA = YES;
				CLANG_WARN_CONSTANT_CONVERSION = YES;
				CLANG_WARN_DEPRECATED_OBJC_IMPLEMENTATIONS = YES;
				CLANG_WARN_DIRECT_OBJC_ISA_USAGE = YES_ERROR;
				CLANG_WARN_DOCUMENTATION_COMMENTS = YES;
				CLANG_WARN_EMPTY_BODY = YES;
				CLANG_WARN_ENUM_CONVERSION = YES;
				CLANG_WARN_INFINITE_RECURSION = YES;
				CLANG_WARN_INT_CONVERSION = YES;
				CLANG_WARN_NON_LITERAL_NULL_CONVERSION = YES;
				CLANG_WARN_OBJC_IMPLICIT_RETAIN_SELF = YES;
				CLANG_WARN_OBJC_LITERAL_CONVERSION = YES;
				CLANG_WARN_OBJC_ROOT_CLASS = YES_ERROR;
				CLANG_WARN_QUOTED_INCLUDE_IN_FRAMEWORK_HEADER = YES;
				CLANG_WARN_RANGE_LOOP_ANALYSIS = YES;
				CLANG_WARN_STRICT_PROTOTYPES = YES;
				CLANG_WARN_SUSPICIOUS_MOVE = YES;
				CLANG_WARN_UNGUARDED_AVAILABILITY = YES_AGGRESSIVE;
				CLANG_WARN_UNREACHABLE_CODE = YES;
				CLANG_WARN__DUPLICATE_METHOD_MATCH = YES;
				COPY_PHASE_STRIP = NO;
				DEBUG_INFORMATION_FORMAT = "dwarf-with-dsym";
				ENABLE_NS_ASSERTIONS = NO;
				ENABLE_STRICT_OBJC_MSGSEND = YES;
				GCC_C_LANGUAGE_STANDARD = gnu11;
				GCC_NO_COMMON_BLOCKS = YES;
				GCC_WARN_64_TO_32_BIT_CONVERSION = YES;
				GCC_WARN_ABOUT_RETURN_TYPE = YES_ERROR;
				GCC_WARN_UNDECLARED_SELECTOR = YES;
				GCC_WARN_UNINITIALIZED_AUTOS = YES_AGGRESSIVE;
				GCC_WARN_UNUSED_FUNCTION = YES;
				GCC_WARN_UNUSED_VARIABLE = YES;
				IPHONEOS_DEPLOYMENT_TARGET = 14.4;
				MTL_ENABLE_DEBUG_INFO = NO;
				MTL_FAST_MATH = YES;
				SDKROOT = iphoneos;
				SWIFT_COMPILATION_MODE = wholemodule;
				SWIFT_OPTIMIZATION_LEVEL = "-O";
				VALIDATE_PRODUCT = YES;
			};
			name = Release;
		};
		F2377E02262D9AEB00F4E674 /* Debug */ = {
			isa = XCBuildConfiguration;
			baseConfigurationReference = CC74046A8BDCF9C56936FF43 /* Pods-touteng-swift.debug.xcconfig */;
			buildSettings = {
				ASSETCATALOG_COMPILER_APPICON_NAME = AppIcon;
				ASSETCATALOG_COMPILER_GLOBAL_ACCENT_COLOR_NAME = AccentColor;
				CODE_SIGN_STYLE = Automatic;
				DEVELOPMENT_ASSET_PATHS = "\"touteng-swift/Preview Content\"";
				DEVELOPMENT_TEAM = J38GUMV4B8;
				ENABLE_PREVIEWS = YES;
				INFOPLIST_FILE = "touteng-swift/Info.plist";
				IPHONEOS_DEPLOYMENT_TARGET = 14.0;
				LD_RUNPATH_SEARCH_PATHS = (
					"$(inherited)",
					"@executable_path/Frameworks",
				);
				PRODUCT_BUNDLE_IDENTIFIER = "com.eden.touteng.touteng-swift";
				PRODUCT_NAME = "$(TARGET_NAME)";
				SWIFT_VERSION = 5.0;
				TARGETED_DEVICE_FAMILY = "1,2";
			};
			name = Debug;
		};
		F2377E03262D9AEB00F4E674 /* Release */ = {
			isa = XCBuildConfiguration;
			baseConfigurationReference = 20753EE1895367F424E2393F /* Pods-touteng-swift.release.xcconfig */;
			buildSettings = {
				ASSETCATALOG_COMPILER_APPICON_NAME = AppIcon;
				ASSETCATALOG_COMPILER_GLOBAL_ACCENT_COLOR_NAME = AccentColor;
				CODE_SIGN_STYLE = Automatic;
				DEVELOPMENT_ASSET_PATHS = "\"touteng-swift/Preview Content\"";
				DEVELOPMENT_TEAM = J38GUMV4B8;
				ENABLE_PREVIEWS = YES;
				INFOPLIST_FILE = "touteng-swift/Info.plist";
				IPHONEOS_DEPLOYMENT_TARGET = 14.0;
				LD_RUNPATH_SEARCH_PATHS = (
					"$(inherited)",
					"@executable_path/Frameworks",
				);
				PRODUCT_BUNDLE_IDENTIFIER = "com.eden.touteng.touteng-swift";
				PRODUCT_NAME = "$(TARGET_NAME)";
				SWIFT_VERSION = 5.0;
				TARGETED_DEVICE_FAMILY = "1,2";
			};
			name = Release;
		};
		F2377E11262DA48000F4E674 /* Debug */ = {
			isa = XCBuildConfiguration;
			baseConfigurationReference = 6AB194E7B124186DF030A6D1 /* Pods-touteng-swiftTests.debug.xcconfig */;
			buildSettings = {
				BUNDLE_LOADER = "$(TEST_HOST)";
				CODE_SIGN_STYLE = Automatic;
				DEVELOPMENT_TEAM = J38GUMV4B8;
				INFOPLIST_FILE = "touteng-swiftTests/Info.plist";
				LD_RUNPATH_SEARCH_PATHS = (
					"$(inherited)",
					"@executable_path/Frameworks",
					"@loader_path/Frameworks",
				);
				PRODUCT_BUNDLE_IDENTIFIER = "com.eden.touteng.touteng-swiftTests";
				PRODUCT_NAME = "$(TARGET_NAME)";
				SWIFT_VERSION = 5.0;
				TARGETED_DEVICE_FAMILY = "1,2";
				TEST_HOST = "$(BUILT_PRODUCTS_DIR)/touteng-swift.app/touteng-swift";
			};
			name = Debug;
		};
		F2377E12262DA48000F4E674 /* Release */ = {
			isa = XCBuildConfiguration;
			baseConfigurationReference = CFD63DC1C1645C23269D404D /* Pods-touteng-swiftTests.release.xcconfig */;
			buildSettings = {
				BUNDLE_LOADER = "$(TEST_HOST)";
				CODE_SIGN_STYLE = Automatic;
				DEVELOPMENT_TEAM = J38GUMV4B8;
				INFOPLIST_FILE = "touteng-swiftTests/Info.plist";
				LD_RUNPATH_SEARCH_PATHS = (
					"$(inherited)",
					"@executable_path/Frameworks",
					"@loader_path/Frameworks",
				);
				PRODUCT_BUNDLE_IDENTIFIER = "com.eden.touteng.touteng-swiftTests";
				PRODUCT_NAME = "$(TARGET_NAME)";
				SWIFT_VERSION = 5.0;
				TARGETED_DEVICE_FAMILY = "1,2";
				TEST_HOST = "$(BUILT_PRODUCTS_DIR)/touteng-swift.app/touteng-swift";
			};
			name = Release;
		};
/* End XCBuildConfiguration section */

/* Begin XCConfigurationList section */
		F2377DE8262D9AEA00F4E674 /* Build configuration list for PBXProject "touteng-swift" */ = {
			isa = XCConfigurationList;
			buildConfigurations = (
				F2377DFF262D9AEB00F4E674 /* Debug */,
				F2377E00262D9AEB00F4E674 /* Release */,
			);
			defaultConfigurationIsVisible = 0;
			defaultConfigurationName = Release;
		};
		F2377E01262D9AEB00F4E674 /* Build configuration list for PBXNativeTarget "touteng-swift" */ = {
			isa = XCConfigurationList;
			buildConfigurations = (
				F2377E02262D9AEB00F4E674 /* Debug */,
				F2377E03262D9AEB00F4E674 /* Release */,
			);
			defaultConfigurationIsVisible = 0;
			defaultConfigurationName = Release;
		};
		F2377E10262DA48000F4E674 /* Build configuration list for PBXNativeTarget "touteng-swiftTests" */ = {
			isa = XCConfigurationList;
			buildConfigurations = (
				F2377E11262DA48000F4E674 /* Debug */,
				F2377E12262DA48000F4E674 /* Release */,
			);
			defaultConfigurationIsVisible = 0;
			defaultConfigurationName = Release;
		};
/* End XCConfigurationList section */

/* Begin XCVersionGroup section */
		F2377DFB262D9AEB00F4E674 /* touteng_swift.xcdatamodeld */ = {
			isa = XCVersionGroup;
			children = (
				F2377DFC262D9AEB00F4E674 /* touteng_swift.xcdatamodel */,
			);
			currentVersion = F2377DFC262D9AEB00F4E674 /* touteng_swift.xcdatamodel */;
			path = touteng_swift.xcdatamodeld;
			sourceTree = "<group>";
			versionGroupType = wrapper.xcdatamodel;
		};
/* End XCVersionGroup section */
	};
	rootObject = F2377DE5262D9AEA00F4E674 /* Project object */;
}
